
Microsoft Visual Studio Solution File, Format Version 12.00
# Visual Studio Version 16
VisualStudioVersion = 16.0.31025.194
MinimumVisualStudioVersion = 10.0.40219.1
Project("{9A19103F-16F7-4668-BE54-9A1E7A4F7556}") = "2.1.1. CUSTOM STRING", "2.1.1. CUSTOM STRING\2.1.1. CUSTOM STRING.csproj", "{926AE6F7-CA78-4646-AD63-A46CC8E9C215}"
EndProject
Project("{FAE04EC0-301F-11D3-BF4B-00C04F79EFBC}") = "MyDLL", "MyDLL\MyDLL.csproj", "{9590D099-4AD0-4C28-B544-3E08548CCAAD}"
EndProject
Global
	GlobalSection(SolutionConfigurationPlatforms) = preSolution
		Debug|Any CPU = Debug|Any CPU
		Release|Any CPU = Release|Any CPU
	EndGlobalSection
	GlobalSection(ProjectConfigurationPlatforms) = postSolution
		{926AE6F7-CA78-4646-AD63-A46CC8E9C215}.Debug|Any CPU.ActiveCfg = Debug|Any CPU
		{926AE6F7-CA78-4646-AD63-A46CC8E9C215}.Debug|Any CPU.Build.0 = Debug|Any CPU
		{926AE6F7-CA78-4646-AD63-A46CC8E9C215}.Release|Any CPU.ActiveCfg = Release|Any CPU
		{926AE6F7-CA78-4646-AD63-A46CC8E9C215}.Release|Any CPU.Build.0 = Release|Any CPU
		{9590D099-4AD0-4C28-B544-3E08548CCAAD}.Debug|Any CPU.ActiveCfg = Debug|Any CPU
		{9590D099-4AD0-4C28-B544-3E08548CCAAD}.Debug|Any CPU.Build.0 = Debug|Any CPU
		{9590D099-4AD0-4C28-B544-3E08548CCAAD}.Release|Any CPU.ActiveCfg = Release|Any CPU
		{9590D099-4AD0-4C28-B544-3E08548CCAAD}.Release|Any CPU.Build.0 = Release|Any CPU
	EndGlobalSection
	GlobalSection(SolutionProperties) = preSolution
		HideSolutionNode = FALSE
	EndGlobalSection
	GlobalSection(ExtensibilityGlobals) = postSolution
		SolutionGuid = {537EFC33-57C4-46D5-B197-57260251B0E3}
	EndGlobalSection
EndGlobal
