
Microsoft Visual Studio Solution File, Format Version 12.00
# Visual Studio Version 16
VisualStudioVersion = 16.0.31019.35
MinimumVisualStudioVersion = 10.0.40219.1
Project("{FAE04EC0-301F-11D3-BF4B-00C04F79EFBC}") = "1.1.5. SUM OF NUMBERS", "1.1.5. SUM OF NUMBERS.csproj", "{13BBA412-CD53-4D4C-8C9B-86470AE4AD20}"
EndProject
Global
	GlobalSection(SolutionConfigurationPlatforms) = preSolution
		Debug|Any CPU = Debug|Any CPU
		Release|Any CPU = Release|Any CPU
	EndGlobalSection
	GlobalSection(ProjectConfigurationPlatforms) = postSolution
		{13BBA412-CD53-4D4C-8C9B-86470AE4AD20}.Debug|Any CPU.ActiveCfg = Debug|Any CPU
		{13BBA412-CD53-4D4C-8C9B-86470AE4AD20}.Debug|Any CPU.Build.0 = Debug|Any CPU
		{13BBA412-CD53-4D4C-8C9B-86470AE4AD20}.Release|Any CPU.ActiveCfg = Release|Any CPU
		{13BBA412-CD53-4D4C-8C9B-86470AE4AD20}.Release|Any CPU.Build.0 = Release|Any CPU
	EndGlobalSection
	GlobalSection(SolutionProperties) = preSolution
		HideSolutionNode = FALSE
	EndGlobalSection
	GlobalSection(ExtensibilityGlobals) = postSolution
		SolutionGuid = {F7E0996B-F701-4F8F-B9D2-BA689454ADD9}
	EndGlobalSection
EndGlobal
