
Microsoft Visual Studio Solution File, Format Version 12.00
# Visual Studio Version 16
VisualStudioVersion = 16.0.31025.194
MinimumVisualStudioVersion = 10.0.40219.1
Project("{FAE04EC0-301F-11D3-BF4B-00C04F79EFBC}") = "1.1.8. NO POSITIVE", "1.1.8. NO POSITIVE\1.1.8. NO POSITIVE.csproj", "{3EFAF637-B4E5-483F-969F-BD982BC2CB2E}"
EndProject
Global
	GlobalSection(SolutionConfigurationPlatforms) = preSolution
		Debug|Any CPU = Debug|Any CPU
		Release|Any CPU = Release|Any CPU
	EndGlobalSection
	GlobalSection(ProjectConfigurationPlatforms) = postSolution
		{3EFAF637-B4E5-483F-969F-BD982BC2CB2E}.Debug|Any CPU.ActiveCfg = Debug|Any CPU
		{3EFAF637-B4E5-483F-969F-BD982BC2CB2E}.Debug|Any CPU.Build.0 = Debug|Any CPU
		{3EFAF637-B4E5-483F-969F-BD982BC2CB2E}.Release|Any CPU.ActiveCfg = Release|Any CPU
		{3EFAF637-B4E5-483F-969F-BD982BC2CB2E}.Release|Any CPU.Build.0 = Release|Any CPU
	EndGlobalSection
	GlobalSection(SolutionProperties) = preSolution
		HideSolutionNode = FALSE
	EndGlobalSection
	GlobalSection(ExtensibilityGlobals) = postSolution
		SolutionGuid = {A82C19CD-3C56-4FFE-9E27-86C5B3E6577A}
	EndGlobalSection
EndGlobal
